
Microsoft Visual Studio Solution File, Format Version 12.00
# Visual Studio Version 17
VisualStudioVersion = 17.4.33403.182
MinimumVisualStudioVersion = 10.0.40219.1
Project("{FAE04EC0-301F-11D3-BF4B-00C04F79EFBC}") = "ContaBanco", "ContaBanco\ContaBanco.csproj", "{2328CD94-A4A6-42A3-A01D-D6FCFE5CA8A7}"
EndProject
Global
	GlobalSection(SolutionConfigurationPlatforms) = preSolution
		Debug|Any CPU = Debug|Any CPU
		Release|Any CPU = Release|Any CPU
	EndGlobalSection
	GlobalSection(ProjectConfigurationPlatforms) = postSolution
		{2328CD94-A4A6-42A3-A01D-D6FCFE5CA8A7}.Debug|Any CPU.ActiveCfg = Debug|Any CPU
		{2328CD94-A4A6-42A3-A01D-D6FCFE5CA8A7}.Debug|Any CPU.Build.0 = Debug|Any CPU
		{2328CD94-A4A6-42A3-A01D-D6FCFE5CA8A7}.Release|Any CPU.ActiveCfg = Release|Any CPU
		{2328CD94-A4A6-42A3-A01D-D6FCFE5CA8A7}.Release|Any CPU.Build.0 = Release|Any CPU
	EndGlobalSection
	GlobalSection(SolutionProperties) = preSolution
		HideSolutionNode = FALSE
	EndGlobalSection
	GlobalSection(ExtensibilityGlobals) = postSolution
		SolutionGuid = {EDCA9A6A-2329-43E1-9F75-03ED425111AA}
	EndGlobalSection
EndGlobal
