
Microsoft Visual Studio Solution File, Format Version 12.00
# Visual Studio Version 17
VisualStudioVersion = 17.4.33403.182
MinimumVisualStudioVersion = 10.0.40219.1
Project("{FAE04EC0-301F-11D3-BF4B-00C04F79EFBC}") = "Aula3", "Aula3\Aula3.csproj", "{BFAB4428-4820-4001-BDB8-1F8B34E801A6}"
EndProject
Global
	GlobalSection(SolutionConfigurationPlatforms) = preSolution
		Debug|Any CPU = Debug|Any CPU
		Release|Any CPU = Release|Any CPU
	EndGlobalSection
	GlobalSection(ProjectConfigurationPlatforms) = postSolution
		{BFAB4428-4820-4001-BDB8-1F8B34E801A6}.Debug|Any CPU.ActiveCfg = Debug|Any CPU
		{BFAB4428-4820-4001-BDB8-1F8B34E801A6}.Debug|Any CPU.Build.0 = Debug|Any CPU
		{BFAB4428-4820-4001-BDB8-1F8B34E801A6}.Release|Any CPU.ActiveCfg = Release|Any CPU
		{BFAB4428-4820-4001-BDB8-1F8B34E801A6}.Release|Any CPU.Build.0 = Release|Any CPU
	EndGlobalSection
	GlobalSection(SolutionProperties) = preSolution
		HideSolutionNode = FALSE
	EndGlobalSection
	GlobalSection(ExtensibilityGlobals) = postSolution
		SolutionGuid = {4733AD0E-2270-4222-839B-FA63A6EFBB99}
	EndGlobalSection
EndGlobal
