
Microsoft Visual Studio Solution File, Format Version 12.00
# Visual Studio Version 17
VisualStudioVersion = 17.4.33403.182
MinimumVisualStudioVersion = 10.0.40219.1
Project("{FAE04EC0-301F-11D3-BF4B-00C04F79EFBC}") = "[M1S01] Ex 1", "[M1S01] Ex 1\[M1S01] Ex 1.csproj", "{24201BA7-45E0-4DBA-810A-C19F86C51D00}"
EndProject
Global
	GlobalSection(SolutionConfigurationPlatforms) = preSolution
		Debug|Any CPU = Debug|Any CPU
		Release|Any CPU = Release|Any CPU
	EndGlobalSection
	GlobalSection(ProjectConfigurationPlatforms) = postSolution
		{24201BA7-45E0-4DBA-810A-C19F86C51D00}.Debug|Any CPU.ActiveCfg = Debug|Any CPU
		{24201BA7-45E0-4DBA-810A-C19F86C51D00}.Debug|Any CPU.Build.0 = Debug|Any CPU
		{24201BA7-45E0-4DBA-810A-C19F86C51D00}.Release|Any CPU.ActiveCfg = Release|Any CPU
		{24201BA7-45E0-4DBA-810A-C19F86C51D00}.Release|Any CPU.Build.0 = Release|Any CPU
	EndGlobalSection
	GlobalSection(SolutionProperties) = preSolution
		HideSolutionNode = FALSE
	EndGlobalSection
	GlobalSection(ExtensibilityGlobals) = postSolution
		SolutionGuid = {449457B0-F813-4767-8B77-CEA3B791091E}
	EndGlobalSection
EndGlobal
